
Microsoft Visual Studio Solution File, Format Version 12.00
# Visual Studio Version 16
VisualStudioVersion = 16.0.31410.357
MinimumVisualStudioVersion = 10.0.40219.1
Project("{FAE04EC0-301F-11D3-BF4B-00C04F79EFBC}") = "BasaranOtomotiv.Core", "BasaranOtomotiv.Core\BasaranOtomotiv.Core.csproj", "{3460F9AA-FFF0-4B3E-98F5-D59071D4E83B}"
EndProject
Project("{FAE04EC0-301F-11D3-BF4B-00C04F79EFBC}") = "BasaranOtomotiv.Business", "BasaranOtomotiv.Business\BasaranOtomotiv.Business.csproj", "{6521971B-4604-453B-9B4F-62D7B33BA6C2}"
EndProject
Project("{FAE04EC0-301F-11D3-BF4B-00C04F79EFBC}") = "BasaranOtomotiv.DataAccess", "BasaranOtomotiv.DataAccess\BasaranOtomotiv.DataAccess.csproj", "{2D814776-8A85-4A89-8836-66077540CA93}"
EndProject
Project("{FAE04EC0-301F-11D3-BF4B-00C04F79EFBC}") = "BasaranOtomotiv.Entities", "BasaranOtomotiv.Entities\BasaranOtomotiv.Entities.csproj", "{FFE4EE69-8956-4CEB-B3D6-FB9B32F80558}"
EndProject
Project("{FAE04EC0-301F-11D3-BF4B-00C04F79EFBC}") = "BasaranOtomotiv.MVCUI", "BasaranOtomotiv.MVCUI\BasaranOtomotiv.MVCUI.csproj", "{1EF82E44-B4B7-4E7F-BF53-5E3649E7990F}"
EndProject
Global
	GlobalSection(SolutionConfigurationPlatforms) = preSolution
		Debug|Any CPU = Debug|Any CPU
		Release|Any CPU = Release|Any CPU
	EndGlobalSection
	GlobalSection(ProjectConfigurationPlatforms) = postSolution
		{3460F9AA-FFF0-4B3E-98F5-D59071D4E83B}.Debug|Any CPU.ActiveCfg = Debug|Any CPU
		{3460F9AA-FFF0-4B3E-98F5-D59071D4E83B}.Debug|Any CPU.Build.0 = Debug|Any CPU
		{3460F9AA-FFF0-4B3E-98F5-D59071D4E83B}.Release|Any CPU.ActiveCfg = Release|Any CPU
		{3460F9AA-FFF0-4B3E-98F5-D59071D4E83B}.Release|Any CPU.Build.0 = Release|Any CPU
		{6521971B-4604-453B-9B4F-62D7B33BA6C2}.Debug|Any CPU.ActiveCfg = Debug|Any CPU
		{6521971B-4604-453B-9B4F-62D7B33BA6C2}.Debug|Any CPU.Build.0 = Debug|Any CPU
		{6521971B-4604-453B-9B4F-62D7B33BA6C2}.Release|Any CPU.ActiveCfg = Release|Any CPU
		{6521971B-4604-453B-9B4F-62D7B33BA6C2}.Release|Any CPU.Build.0 = Release|Any CPU
		{2D814776-8A85-4A89-8836-66077540CA93}.Debug|Any CPU.ActiveCfg = Debug|Any CPU
		{2D814776-8A85-4A89-8836-66077540CA93}.Debug|Any CPU.Build.0 = Debug|Any CPU
		{2D814776-8A85-4A89-8836-66077540CA93}.Release|Any CPU.ActiveCfg = Release|Any CPU
		{2D814776-8A85-4A89-8836-66077540CA93}.Release|Any CPU.Build.0 = Release|Any CPU
		{FFE4EE69-8956-4CEB-B3D6-FB9B32F80558}.Debug|Any CPU.ActiveCfg = Debug|Any CPU
		{FFE4EE69-8956-4CEB-B3D6-FB9B32F80558}.Debug|Any CPU.Build.0 = Debug|Any CPU
		{FFE4EE69-8956-4CEB-B3D6-FB9B32F80558}.Release|Any CPU.ActiveCfg = Release|Any CPU
		{FFE4EE69-8956-4CEB-B3D6-FB9B32F80558}.Release|Any CPU.Build.0 = Release|Any CPU
		{1EF82E44-B4B7-4E7F-BF53-5E3649E7990F}.Debug|Any CPU.ActiveCfg = Debug|Any CPU
		{1EF82E44-B4B7-4E7F-BF53-5E3649E7990F}.Debug|Any CPU.Build.0 = Debug|Any CPU
		{1EF82E44-B4B7-4E7F-BF53-5E3649E7990F}.Release|Any CPU.ActiveCfg = Release|Any CPU
		{1EF82E44-B4B7-4E7F-BF53-5E3649E7990F}.Release|Any CPU.Build.0 = Release|Any CPU
	EndGlobalSection
	GlobalSection(SolutionProperties) = preSolution
		HideSolutionNode = FALSE
	EndGlobalSection
	GlobalSection(ExtensibilityGlobals) = postSolution
		SolutionGuid = {49FD40AC-7418-4B96-91F4-48E4F2F563AC}
	EndGlobalSection
EndGlobal
